Microsoft Visual Studio Solution File, Format Version 12.00
# Visual Studio Version 17
VisualStudioVersion = 17.5.2.0
MinimumVisualStudioVersion = 10.0.40219.1
Project("{FAE04EC0-301F-11D3-BF4B-00C04F79EFBC}") = "EventsPlannerBot", "EventsPlannerBot.csproj", "{1008AB49-2C39-0162-DD59-0184EF24C581}"
EndProject
Global
	GlobalSection(SolutionConfigurationPlatforms) = preSolution
		Debug|Any CPU = Debug|Any CPU
		Release|Any CPU = Release|Any CPU
	EndGlobalSection
	GlobalSection(ProjectConfigurationPlatforms) = postSolution
		{1008AB49-2C39-0162-DD59-0184EF24C581}.Debug|Any CPU.ActiveCfg = Debug|Any CPU
		{1008AB49-2C39-0162-DD59-0184EF24C581}.Debug|Any CPU.Build.0 = Debug|Any CPU
		{1008AB49-2C39-0162-DD59-0184EF24C581}.Release|Any CPU.ActiveCfg = Release|Any CPU
		{1008AB49-2C39-0162-DD59-0184EF24C581}.Release|Any CPU.Build.0 = Release|Any CPU
	EndGlobalSection
	GlobalSection(SolutionProperties) = preSolution
		HideSolutionNode = FALSE
	EndGlobalSection
	GlobalSection(ExtensibilityGlobals) = postSolution
		SolutionGuid = {32815CF2-9592-4851-AB3F-2FC0B8A34FFE}
	EndGlobalSection
EndGlobal
